{
  "version": 2,
  "dependencies": {
    "net10.0": {
      "Microsoft.AspNetCore.Components.WebAssembly.Server": {
        "type": "Direct",
        "requested": "[10.0.11, )",
        "resolved": "10.0.11",
        "contentHash": "El0lkzjqwWVKmFC4tS0orMxysMNwElGNM1lLNYyqBh8SLsP5c+EDDrZS4FAv0bcqc+t1nxosnzqrd0ob+XASPQ==",
        "dependencies": {
          "Microsoft.AspNetCore.Components.WebAssembly": "10.0.11"
        }
      },
      "Microsoft.JSInterop.WebAssembly": {
        "type": "Transitive",
        "resolved": "10.0.11",
        "contentHash": "WtlvldXFOdft4tFW4Y3lTnRqZfGYebOBPMXZAy9Yp3gv0A88rNbDtXcuoppvqsVWe4cIG95iEXFmXB+nvuEN3Q=="
      },
      "aetheus.webanalytics": {
        "type": "Project"
      },
      "Microsoft.AspNetCore.Components.WebAssembly": {
        "type": "CentralTransitive",
        "requested": "[10.0.11, )",
        "resolved": "10.0.11",
        "contentHash": "OaZ+pEJzfejOtCkmepeJYYItNu3PA6Y2EajBwS8vr30mUjCOZWjVCr2sCqUOVw7D6+wmJwpNKtHqyzbtX/F7qQ==",
        "dependencies": {
          "Microsoft.JSInterop.WebAssembly": "10.0.11"
        }
      }
    }
  }
}