{
  "version": 2,
  "dependencies": {
    "net10.0": {
      "coverlet.MTP": {
        "type": "Direct",
        "requested": "[10.1.0, )",
        "resolved": "10.1.0",
        "contentHash": "FbW1D7OFFUmITgKzYhasyaX0m/oQzuU3ab4ooOURngztKK/QulCT/YuADhRDSGrE79S2dVoEQPgNkg2qBz29tg==",
        "dependencies": {
          "Microsoft.Extensions.Configuration": "10.0.12",
          "Microsoft.Extensions.Configuration.Json": "10.0.12",
          "Microsoft.Extensions.DependencyInjection": "10.0.12",
          "Microsoft.Testing.Platform": "2.4.1"
        }
      },
      "Microsoft.CodeAnalysis.CSharp": {
        "type": "Direct",
        "requested": "[5.0.0, )",
        "resolved": "5.0.0",
        "contentHash": "5DSyJ9bk+ATuDy7fp2Zt0mJStDVKbBoiz1DyfAwSa+k4H4IwykAUcV3URelw5b8/iVbfSaOwkwmPUZH6opZKCw==",
        "dependencies": {
          "Microsoft.CodeAnalysis.Analyzers": "3.11.0",
          "Microsoft.CodeAnalysis.Common": "[5.0.0]"
        }
      },
      "Microsoft.CodeAnalysis.CSharp.Analyzer.Testing": {
        "type": "Direct",
        "requested": "[1.1.4, )",
        "resolved": "1.1.4",
        "contentHash": "7VhTi95r0MA4XtOHJZS7ZtLbjL8GGRjQYAa9h7gq2msyE9GaI9wOh/9Obw8ObPGIrGt0ii2KEWGILuwz9drcDQ==",
        "dependencies": {
          "Microsoft.CodeAnalysis.Analyzer.Testing": "[1.1.4]",
          "Microsoft.CodeAnalysis.CSharp.Workspaces": "1.0.1"
        }
      },
      "Microsoft.CodeAnalysis.CSharp.Workspaces": {
        "type": "Direct",
        "requested": "[5.0.0, )",
        "resolved": "5.0.0",
        "contentHash": "Al/Q8B+yO8odSqGVpSvrShMFDvlQdIBU//F3E6Rb0YdiLSALE9wh/pvozPNnfmh5HDnvU+mkmSjpz4hQO++jaA==",
        "dependencies": {
          "Humanizer.Core": "2.14.1",
          "Microsoft.CodeAnalysis.Analyzers": "3.11.0",
          "Microsoft.CodeAnalysis.CSharp": "[5.0.0]",
          "Microsoft.CodeAnalysis.Common": "[5.0.0]",
          "Microsoft.CodeAnalysis.Workspaces.Common": "[5.0.0]",
          "System.Composition": "9.0.0"
        }
      },
      "Microsoft.CodeAnalysis.Workspaces.Common": {
        "type": "Direct",
        "requested": "[5.0.0, )",
        "resolved": "5.0.0",
        "contentHash": "ZbUmIvT6lqTNKiv06Jl5wf0MTMi1vQ1oH7ou4CLcs2C/no/L7EhP3T8y3XXvn9VbqMcJaJnEsNA1jwYUMgc5jg==",
        "dependencies": {
          "Humanizer.Core": "2.14.1",
          "Microsoft.CodeAnalysis.Analyzers": "3.11.0",
          "Microsoft.CodeAnalysis.Common": "[5.0.0]",
          "System.Composition": "9.0.0"
        }
      },
      "Microsoft.Testing.Extensions.TrxReport": {
        "type": "Direct",
        "requested": "[2.4.1, )",
        "resolved": "2.4.1",
        "contentHash": "KGAvJKRqhod45ecH4L1cCKIjGrzziUcLo3L4hRlfOg/Ww2Q7MnA30qHY2rnKzGyLVWf91tc2VleGe8c33FmPaQ==",
        "dependencies": {
          "Microsoft.Testing.Extensions.TrxReport.Abstractions": "2.4.1",
          "Microsoft.Testing.Platform": "[2.4.1, 3.0.0)"
        }
      },
      "xunit.v3": {
        "type": "Direct",
        "requested": "[4.0.1, )",
        "resolved": "4.0.1",
        "contentHash": "KpDYf6jFjYfOchuRJOAXPOpwN03hLE1AF4kWzCUSnhr8JZMiGH4BT1YidCcm6BE1H4E90GyJzuKoCwXbg9PXmA==",
        "dependencies": {
          "xunit.v3.mtp-v2": "[4.0.1]"
        }
      },
      "DiffPlex": {
        "type": "Transitive",
        "resolved": "1.7.2",
        "contentHash": "qJEjdxEDBWSFZGB8paBB9HDeJXHGlHlOXeGX3kbTuXWuOsgv2iSAEOOzo5V1/B39Vcxr9IVVrNKewRcX+rsn4g=="
      },
      "Humanizer.Core": {
        "type": "Transitive",
        "resolved": "2.14.1",
        "contentHash": "lQKvtaTDOXnoVJ20ibTuSIOf2i0uO0MPbDhd1jm238I+U/2ZnRENj0cktKZhtchBMtCUSRQ5v4xBCUbKNmyVMw=="
      },
      "Microsoft.ApplicationInsights": {
        "type": "Transitive",
        "resolved": "2.23.0",
        "contentHash": "nWArUZTdU7iqZLycLKWe0TDms48KKGE6pONH2terYNa8REXiqixrMOkf1sk5DHGMaUTqONU2YkS4SAXBhLStgw=="
      },
      "Microsoft.Bcl.AsyncInterfaces": {
        "type": "Transitive",
        "resolved": "6.0.0",
        "contentHash": "UcSjPsst+DfAdJGVDsu346FX0ci0ah+lw3WRtn18NUwEqRt70HaOQ7lI72vy3+1LxtqI3T5GWwV39rQSrCzAeg=="
      },
      "Microsoft.CodeAnalysis.Analyzer.Testing": {
        "type": "Transitive",
        "resolved": "1.1.4",
        "contentHash": "IQoZbcXE7uVLngTtFFkSnh813ItZj4+nDfW7L0F1p9YaTlpefyL+poge3J1+eRSgreiFpBmTK4HI/kZhGJMVNg==",
        "dependencies": {
          "DiffPlex": "1.7.2",
          "Microsoft.CodeAnalysis.Workspaces.Common": "1.0.1",
          "Microsoft.VisualStudio.Composition": "16.1.8",
          "NuGet.Common": "7.0.3",
          "NuGet.Packaging": "7.0.3",
          "NuGet.Protocol": "7.0.3",
          "NuGet.Resolver": "7.0.3"
        }
      },
      "Microsoft.CodeAnalysis.Common": {
        "type": "Transitive",
        "resolved": "5.0.0",
        "contentHash": "ZXRAdvH6GiDeHRyd3q/km8Z44RoM6FBWHd+gen/la81mVnAdHTEsEkO5J0TCNXBymAcx5UYKt5TvgKBhaLJEow==",
        "dependencies": {
          "Microsoft.CodeAnalysis.Analyzers": "3.11.0"
        }
      },
      "Microsoft.Extensions.Configuration": {
        "type": "Transitive",
        "resolved": "10.0.12",
        "contentHash": "e3IPP32CRNL031VZJAUTlCTG0YN7WFh4mN3fsSHTDQCJB+3+f0jGycv4fXk3rrftaY3B85XrQaj7sRthrOsavg==",
        "dependencies": {
          "Microsoft.Extensions.Configuration.Abstractions": "10.0.12",
          "Microsoft.Extensions.Primitives": "10.0.12"
        }
      },
      "Microsoft.Extensions.Configuration.FileExtensions": {
        "type": "Transitive",
        "resolved": "10.0.12",
        "contentHash": "PNPS7yYH9U2M0dExn0tMkQFVtE53xTlCs/dgTfsWTTFyCF6qwGT3VrTgm2nnnkSRlSmvM9/J+n9xCpyzd9xTpQ==",
        "dependencies": {
          "Microsoft.Extensions.Configuration": "10.0.12",
          "Microsoft.Extensions.Configuration.Abstractions": "10.0.12",
          "Microsoft.Extensions.FileProviders.Abstractions": "10.0.12",
          "Microsoft.Extensions.FileProviders.Physical": "10.0.12",
          "Microsoft.Extensions.Primitives": "10.0.12"
        }
      },
      "Microsoft.Extensions.Configuration.Json": {
        "type": "Transitive",
        "resolved": "10.0.12",
        "contentHash": "H4u2ZeIhjmRQvbHj7S7U4MK1kXb0khx3UtOWcir32VHczdFyIVF0lvHew/VVHmCF7Uk0QseAUaO7HyFKOCSiKA==",
        "dependencies": {
          "Microsoft.Extensions.Configuration": "10.0.12",
          "Microsoft.Extensions.Configuration.Abstractions": "10.0.12",
          "Microsoft.Extensions.Configuration.FileExtensions": "10.0.12",
          "Microsoft.Extensions.FileProviders.Abstractions": "10.0.12"
        }
      },
      "Microsoft.Extensions.DependencyInjection": {
        "type": "Transitive",
        "resolved": "10.0.12",
        "contentHash": "lXyK2O5GoYvfxW8eCFcD16JFbcoSTM1sJkAM0UHS1jZyl9NYMW64Tqm6OQFT0IDBjZi+xHt95/Zg+nxZhGFhZg==",
        "dependencies": {
          "Microsoft.Extensions.DependencyInjection.Abstractions": "10.0.12"
        }
      },
      "Microsoft.Extensions.DependencyInjection.Abstractions": {
        "type": "Transitive",
        "resolved": "10.0.12",
        "contentHash": "9/qymSh7hVDMGTGwrLz8MRp5zRyXy9adGDOs4HwRdnLil3oZGYuWeZjbmHgCQ9BL1qBroVfgUK3U/nb61617Cw=="
      },
      "Microsoft.Extensions.FileProviders.Abstractions": {
        "type": "Transitive",
        "resolved": "10.0.12",
        "contentHash": "iQseV6HixWzEYQH4i++84ToIroXnM5jC1TJF4EqBz3lWNG1HBTMYDLkRb6Wm3wk5V6WqSfl7NukO/LYsloGyfg==",
        "dependencies": {
          "Microsoft.Extensions.Primitives": "10.0.12"
        }
      },
      "Microsoft.Extensions.FileProviders.Physical": {
        "type": "Transitive",
        "resolved": "10.0.12",
        "contentHash": "3cY+wo2+Qe65BVwShhr2fFqZv5Ns73h3kX4mpW3WvSgfT3AWCk0hKArKW4TF7Dg3mvbJdA6RhWPW7FR+PS5/1w==",
        "dependencies": {
          "Microsoft.Extensions.FileProviders.Abstractions": "10.0.12",
          "Microsoft.Extensions.FileSystemGlobbing": "10.0.12",
          "Microsoft.Extensions.Primitives": "10.0.12"
        }
      },
      "Microsoft.Extensions.FileSystemGlobbing": {
        "type": "Transitive",
        "resolved": "10.0.12",
        "contentHash": "45cV+UeI0chPAIXrx9Wv7K4PJXuuIR2pnOur5MOAo6kOFclBHSLLDrvGAxMfWRMtUvpv/kQZkxlgaUN56jwzSQ=="
      },
      "Microsoft.Extensions.Primitives": {
        "type": "Transitive",
        "resolved": "10.0.12",
        "contentHash": "dYfCLR52UA+3DL7C4I/pvSaRPkNqxrUAQmbFL2u0zvYKKzqgrFCJl08Df+F1aYc8leu9JvpC9bsURUdpExcBXQ=="
      },
      "Microsoft.Testing.Extensions.Telemetry": {
        "type": "Transitive",
        "resolved": "2.4.0",
        "contentHash": "JeP1RFqBa11fWmBk8xEfZcMKr4rxWSyI6OZ+659V069CaMkTEOQBW2UdSSeNz3absOsygcn7JJkzerC4LGnZ9w==",
        "dependencies": {
          "Microsoft.ApplicationInsights": "2.23.0",
          "Microsoft.Testing.Platform": "[2.4.0, 3.0.0)"
        }
      },
      "Microsoft.Testing.Extensions.TrxReport.Abstractions": {
        "type": "Transitive",
        "resolved": "2.4.1",
        "contentHash": "tDxLLic2IfeChbyo8oeGZj/eBdFpPe3Dp80hUoIOefSCqqMHbsob+lX1TfFWV75PJCPouxj2zz0zzPHZxiM4nQ==",
        "dependencies": {
          "Microsoft.Testing.Platform": "[2.4.1, 3.0.0)"
        }
      },
      "Microsoft.Testing.Platform": {
        "type": "Transitive",
        "resolved": "2.4.1",
        "contentHash": "3nW9NyhN1BnHRF994DCOOUQCqVA9pDT+gPpbuhI/xUntZnGnXO4ySovKxFlFuoT/48pnI74LK/DeKVlve1L3VQ=="
      },
      "Microsoft.Testing.Platform.MSBuild": {
        "type": "Transitive",
        "resolved": "2.4.0",
        "contentHash": "qr5M6h16YHMJLFDcWELFVMMpGte2BUmveBZKT5YoBV+bmuJRPu9bv/Zqke4yQuOEKRNxoAETrG5jr+/6Rnr3Hg==",
        "dependencies": {
          "Microsoft.Testing.Platform": "[2.4.0, 3.0.0)"
        }
      },
      "Microsoft.VisualStudio.Composition": {
        "type": "Transitive",
        "resolved": "16.1.8",
        "contentHash": "N+thv3dcT7kjn0Xz3U0uBm2CH4uoaMvH8wC6Gy2HWx7HLNdEpqGoMraLyoBdizmypD1owLCJQIa2uKmWe4/o8A==",
        "dependencies": {
          "Microsoft.VisualStudio.Composition.NetFxAttributes": "16.1.8",
          "Microsoft.VisualStudio.Validation": "15.0.82",
          "System.Composition": "1.0.31"
        }
      },
      "Microsoft.VisualStudio.Composition.NetFxAttributes": {
        "type": "Transitive",
        "resolved": "16.1.8",
        "contentHash": "EbwZWTvdzit68qZSuTI8nd1PZ87pYjhpCwtsis8lrUKJ7XLdbE5rxY6YrY7OFze+YUsguzqZlNjX4Yn5nL9qBw==",
        "dependencies": {
          "System.ComponentModel.Composition": "4.5.0"
        }
      },
      "Microsoft.VisualStudio.Validation": {
        "type": "Transitive",
        "resolved": "15.0.82",
        "contentHash": "XwZyVCsHuEtnd6nYScJnA8XkXPzy4Ok0DV5/hqqAe5ccgOhJ6yap7Qh/sU/i6QxEzuYyECPYDQ7IOyEQ3yRQgQ=="
      },
      "Microsoft.Win32.Registry": {
        "type": "Transitive",
        "resolved": "5.0.0",
        "contentHash": "dDoKi0PnDz31yAyETfRntsLArTlVAVzUzCIvvEDsDsucrl33Dl8pIJG06ePTJTI3tGpeyHS9Cq7Foc/s4EeKcg=="
      },
      "Newtonsoft.Json": {
        "type": "Transitive",
        "resolved": "13.0.3",
        "contentHash": "HrC5BXdl00IP9zeV+0Z848QWPAoCr9P3bDEZguI+gkLcBKAOxix/tLEAAHC+UvDNPv4a2d18lOReHMOagPa+zQ=="
      },
      "NuGet.Common": {
        "type": "Transitive",
        "resolved": "7.0.3",
        "contentHash": "vFBP1TkmeFxUjOqlGn7M3QbZfsg+hyFcCUFy8hPCdmk9VPhFQPwUMH4zKZnd8Bf8x89CFnpRXb8EC6tmWfDgNA==",
        "dependencies": {
          "NuGet.Frameworks": "7.0.3"
        }
      },
      "NuGet.Configuration": {
        "type": "Transitive",
        "resolved": "7.0.3",
        "contentHash": "DZC5/eP6X0qDU4FK1X318nT9gBmjbBOQxphEFnn67B5kKi1/ODRANGOlnNn0tUkZDFtPtLl7gC6bfnf/cM7j5Q==",
        "dependencies": {
          "NuGet.Common": "7.0.3",
          "System.Security.Cryptography.ProtectedData": "9.0.6"
        }
      },
      "NuGet.Frameworks": {
        "type": "Transitive",
        "resolved": "7.0.3",
        "contentHash": "JsV24AwAS93mQhlJr1Fx9zGHO6dVkexYp8ZZoDuoIBLyN9KwPEZOqo2SJVq0k2EPYO2oomj96Ue2yrO0hMOHrw=="
      },
      "NuGet.Protocol": {
        "type": "Transitive",
        "resolved": "7.0.3",
        "contentHash": "B9BwrQ0sOsSuCFijIL1LmX/hVVIhDf1WmI86neWak1yVvQ2r13TuFbMok6LXUM5htU8890XinB5ouE5hMHaxTA==",
        "dependencies": {
          "NuGet.Packaging": "7.0.3"
        }
      },
      "NuGet.Resolver": {
        "type": "Transitive",
        "resolved": "7.0.3",
        "contentHash": "3L5FNJmHSBhHQms7YKrrMjPn5Q1iTgi0Ws0nyYN0cPeGKpA4p4Ey3X9oWWqz9FspTI7IqiPEu79NB7ipBYafvw==",
        "dependencies": {
          "NuGet.Protocol": "7.0.3"
        }
      },
      "System.ComponentModel.Composition": {
        "type": "Transitive",
        "resolved": "4.5.0",
        "contentHash": "+iB9FoZnfdqMEGq6np28X6YNSUrse16CakmIhV3h6PxEWt7jYxUN3Txs1D8MZhhf4QmyvK0F/EcIN0f4gGN0dA==",
        "dependencies": {
          "System.Security.Permissions": "4.5.0"
        }
      },
      "System.Composition": {
        "type": "Transitive",
        "resolved": "9.0.0",
        "contentHash": "3Djj70fFTraOarSKmRnmRy/zm4YurICm+kiCtI0dYRqGJnLX6nJ+G3WYuFJ173cAPax/gh96REcbNiVqcrypFQ==",
        "dependencies": {
          "System.Composition.AttributedModel": "9.0.0",
          "System.Composition.Convention": "9.0.0",
          "System.Composition.Hosting": "9.0.0",
          "System.Composition.Runtime": "9.0.0",
          "System.Composition.TypedParts": "9.0.0"
        }
      },
      "System.Composition.AttributedModel": {
        "type": "Transitive",
        "resolved": "9.0.0",
        "contentHash": "iri00l/zIX9g4lHMY+Nz0qV1n40+jFYAmgsaiNn16xvt2RDwlqByNG4wgblagnDYxm3YSQQ0jLlC/7Xlk9CzyA=="
      },
      "System.Composition.Convention": {
        "type": "Transitive",
        "resolved": "9.0.0",
        "contentHash": "+vuqVP6xpi582XIjJi6OCsIxuoTZfR0M7WWufk3uGDeCl3wGW6KnpylUJ3iiXdPByPE0vR5TjJgR6hDLez4FQg==",
        "dependencies": {
          "System.Composition.AttributedModel": "9.0.0"
        }
      },
      "System.Composition.Hosting": {
        "type": "Transitive",
        "resolved": "9.0.0",
        "contentHash": "OFqSeFeJYr7kHxDfaViGM1ymk7d4JxK//VSoNF9Ux0gpqkLsauDZpu89kTHHNdCWfSljbFcvAafGyBoY094btQ==",
        "dependencies": {
          "System.Composition.Runtime": "9.0.0"
        }
      },
      "System.Composition.Runtime": {
        "type": "Transitive",
        "resolved": "9.0.0",
        "contentHash": "w1HOlQY1zsOWYussjFGZCEYF2UZXgvoYnS94NIu2CBnAGMbXFAX8PY8c92KwUItPmowal68jnVLBCzdrWLeEKA=="
      },
      "System.Composition.TypedParts": {
        "type": "Transitive",
        "resolved": "9.0.0",
        "contentHash": "aRZlojCCGEHDKqh43jaDgaVpYETsgd7Nx4g1zwLKMtv4iTo0627715ajEFNpEEBTgLmvZuv8K0EVxc3sM4NWJA==",
        "dependencies": {
          "System.Composition.AttributedModel": "9.0.0",
          "System.Composition.Hosting": "9.0.0",
          "System.Composition.Runtime": "9.0.0"
        }
      },
      "System.Security.AccessControl": {
        "type": "Transitive",
        "resolved": "6.0.1",
        "contentHash": "IQ4NXP/B3Ayzvw0rDQzVTYsCKyy0Jp9KI6aYcK7UnGVlR9+Awz++TIPCQtPYfLJfOpm8ajowMR09V7quD3sEHw=="
      },
      "System.Security.Cryptography.Pkcs": {
        "type": "Transitive",
        "resolved": "9.0.6",
        "contentHash": "Gny8p2mX0jc5rjh+PA4Gx5GG66sj2C+e+ro7+j/3IsKT/bmQ84tGRV+XKaG+5/CTCdwkSSKDWEQ1rJd0J5jE0Q=="
      },
      "System.Security.Permissions": {
        "type": "Transitive",
        "resolved": "4.5.0",
        "contentHash": "9gdyuARhUR7H+p5CjyUB/zPk7/Xut3wUSP8NJQB6iZr8L3XUXTMdoLeVAg9N4rqF8oIpE7MpdqHdDHQ7XgJe0g=="
      },
      "xunit.analyzers": {
        "type": "Transitive",
        "resolved": "2.1.0",
        "contentHash": "X7QXEcZQGz0G/HL4HUyK+aAvNa/IMGbOCnFIq4jD/Evktq12xANKwzOUr7b08vCmC1LXu/47qHWOdjm3KfaJ0A=="
      },
      "xunit.v3.assert": {
        "type": "Transitive",
        "resolved": "4.0.1",
        "contentHash": "nC7d3cY06Oo7hkdwWPZkBR0Ud75xNhgx0P7i0GmMMZC3puCGlc4szFiT30biH03IN/eDnr8h+nv3A1UD17bk/A=="
      },
      "xunit.v3.common": {
        "type": "Transitive",
        "resolved": "4.0.1",
        "contentHash": "Qf25TVdadDQYf9zVxSd7L9RNQhuP0jCUHmo96XTmIKLxGefylIEV63jRbXBPFzdXmV09TCdcurk+AQ9LiWS2Hg==",
        "dependencies": {
          "Microsoft.Bcl.AsyncInterfaces": "6.0.0"
        }
      },
      "xunit.v3.core.mtp-v2": {
        "type": "Transitive",
        "resolved": "4.0.1",
        "contentHash": "7qfTfrIfS2wybpSVyRLmhXHbSudD2eNw66LfukixmKsRCTcfvOrLsx0qGL/lObcEh3Z2F4SIXgoFnLIiB8yfjQ==",
        "dependencies": {
          "Microsoft.Testing.Extensions.Telemetry": "2.4.0",
          "Microsoft.Testing.Extensions.TrxReport.Abstractions": "2.4.0",
          "Microsoft.Testing.Platform": "2.4.0",
          "Microsoft.Testing.Platform.MSBuild": "2.4.0",
          "xunit.v3.extensibility.core": "[4.0.1]",
          "xunit.v3.runner.inproc.console": "[4.0.1]"
        }
      },
      "xunit.v3.extensibility.core": {
        "type": "Transitive",
        "resolved": "4.0.1",
        "contentHash": "J0d5OfFcp920nZxCRIvU14+TZhiSPQR0wvqEMZ3MRiJLPu1VmYlcRNkmcSW0i1DwkB81gAHc+fHUQf/cU64MYg==",
        "dependencies": {
          "xunit.v3.common": "[4.0.1]"
        }
      },
      "xunit.v3.mtp-v2": {
        "type": "Transitive",
        "resolved": "4.0.1",
        "contentHash": "s88KiWwDDYgOWV3A+ViJiqCe9cLU/Rt6Gb5TfOC7Abv/HKSoj4IHVPcOQk7jPt7HhZHHEts5IuaVpB30eO5B1w==",
        "dependencies": {
          "xunit.analyzers": "2.1.0",
          "xunit.v3.assert": "[4.0.1]",
          "xunit.v3.core.mtp-v2": "[4.0.1]"
        }
      },
      "xunit.v3.runner.common": {
        "type": "Transitive",
        "resolved": "4.0.1",
        "contentHash": "p9AyfBpj2e5Iws8B57SbLiSngg7mEdvegHInKR4T2cjt2mis9h8htVgCnmu//agZO4zri6p6VQOj5EkHHTy3gA==",
        "dependencies": {
          "Microsoft.Win32.Registry": "[5.0.0]",
          "System.Security.AccessControl": "[6.0.1]",
          "xunit.v3.common": "[4.0.1]"
        }
      },
      "xunit.v3.runner.inproc.console": {
        "type": "Transitive",
        "resolved": "4.0.1",
        "contentHash": "Hqwfd6ehMIhPmVWUQ2dgmknzuLFTWeyp8ES1q3D4YR5bQVyiXDcaIoaFwqAz2zgLr49WaW4Mz7VVncP7u/Q8/Q==",
        "dependencies": {
          "xunit.v3.extensibility.core": "[4.0.1]",
          "xunit.v3.runner.common": "[4.0.1]"
        }
      },
      "aetheus.analyzers": {
        "type": "Project"
      },
      "Microsoft.CodeAnalysis.Analyzers": {
        "type": "CentralTransitive",
        "requested": "[5.9.0, )",
        "resolved": "3.11.0",
        "contentHash": "v/EW3UE8/lbEYHoC2Qq7AR/DnmvpgdtAMndfQNmpuIMx/Mto8L5JnuCfdBYtgvalQOtfNCnxFejxuRrryvUTsg=="
      },
      "Microsoft.Extensions.Configuration.Abstractions": {
        "type": "CentralTransitive",
        "requested": "[10.0.12, )",
        "resolved": "10.0.12",
        "contentHash": "8xaGcvS/qZ1otoxPQCEJkNva389CVL/plNcvIETZhQTETYdRkYDPEYhUMoAGONo4FU45ufdfE0j29AfWVVj0wA==",
        "dependencies": {
          "Microsoft.Extensions.Primitives": "10.0.12"
        }
      },
      "NuGet.Packaging": {
        "type": "CentralTransitive",
        "requested": "[7.9.0, )",
        "resolved": "7.0.3",
        "contentHash": "eMdAeZU4ugSC5WwO2u9CcY+jBjt/E6YunQ25oO6M5mM5A5+5QM1AdfoZPtFfwCuIgb/tbY52ciGOAXpBAqLVDA==",
        "dependencies": {
          "Newtonsoft.Json": "13.0.3",
          "NuGet.Configuration": "7.0.3",
          "NuGet.Versioning": "7.0.3",
          "System.Security.Cryptography.Pkcs": "9.0.6"
        }
      },
      "NuGet.Versioning": {
        "type": "CentralTransitive",
        "requested": "[7.9.0, )",
        "resolved": "7.0.3",
        "contentHash": "jwZmJzau0kUTxUvtmjbEXyvhx0ui9wGPByDT8qV3qDSVK9rChgsSeZqb1Bybu258G9urdEcE9HqZCdRbi7h9BA=="
      },
      "System.Security.Cryptography.ProtectedData": {
        "type": "CentralTransitive",
        "requested": "[10.0.12, )",
        "resolved": "9.0.6",
        "contentHash": "yErfw/3pZkJE/VKza/Cm5idTpIKOy/vsmVi59Ta5SruPVtubzxb8CtnE8tyUpzs5pr0Y28GUFfSVzAhCLN3F/Q=="
      }
    }
  }
}